<?xml version="1.0" encoding="UTF-8"?>
<Scheme
   LastUpgradeVersion = "1430"
   version = "1.7">
   <BuildAction
      parallelizeBuildables = "YES"
      buildImplicitDependencies = "YES">
      <BuildActionEntries>
         <BuildActionEntry
            buildForTesting = "YES"
            buildForRunning = "YES"
            buildForProfiling = "YES"
            buildForArchiving = "YES"
            buildForAnalyzing = "YES">
            <BuildableReference
               BuildableIdentifier = "primary"
               BlueprintIdentifier = "B630BA3A2A37ADB500D90A5B"
               BuildableName = "desafioDigio.app"
               BlueprintName = "desafioDigio"
               ReferencedContainer = "container:desafioDigio.xcodeproj">
            </BuildableReference>
         </BuildActionEntry>
      </BuildActionEntries>
   </BuildAction>
   <TestAction
      buildConfiguration = "Debug"
      selectedDebuggerIdentifier = "Xcode.DebuggerFoundation.Debugger.LLDB"
      selectedLauncherIdentifier = "Xcode.DebuggerFoundation.Launcher.LLDB"
      shouldUseLaunchSchemeArgsEnv = "YES">
      <TestPlans>
         <TestPlanReference
            reference = "container:desafioDigio/desafioDigio.xctestplan"
            default = "YES">
         </TestPlanReference>
      </TestPlans>
      <Testables>
         <TestableReference
            skipped = "NO"
            parallelizable = "YES">
            <BuildableReference
               BuildableIdentifier = "primary"
               BlueprintIdentifier = "B630BA502A37ADB700D90A5B"
               BuildableName = "desafioDigioTests.xctest"
               BlueprintName = "desafioDigioTests"
               ReferencedContainer = "container:desafioDigio.xcodeproj">
            </BuildableReference>
            <SkippedTests>
               <Test
                  Identifier = "NetworkManagerTests/testInvalidJSON()">
               </Test>
               <Test
                  Identifier = "NetworkManagerTests/testInvalidResponse()">
               </Test>
               <Test
                  Identifier = "NetworkManagerTests/testInvalidURL()">
               </Test>
               <Test
                  Identifier = "NetworkManagerTests/testServerError()">
               </Test>
            </SkippedTests>
         </TestableReference>
         <TestableReference
            skipped = "NO"
            parallelizable = "YES">
            <BuildableReference
               BuildableIdentifier = "primary"
               BlueprintIdentifier = "B630BA5A2A37ADB700D90A5B"
               BuildableName = "desafioDigioUITests.xctest"
               BlueprintName = "desafioDigioUITests"
               ReferencedContainer = "container:desafioDigio.xcodeproj">
            </BuildableReference>
         </TestableReference>
      </Testables>
   </TestAction>
   <LaunchAction
      buildConfiguration = "Debug"
      selectedDebuggerIdentifier = "Xcode.DebuggerFoundation.Debugger.LLDB"
      selectedLauncherIdentifier = "Xcode.DebuggerFoundation.Launcher.LLDB"
      launchStyle = "0"
      useCustomWorkingDirectory = "NO"
      ignoresPersistentStateOnLaunch = "NO"
      debugDocumentVersioning = "YES"
      debugServiceExtension = "internal"
      allowLocationSimulation = "YES">
      <BuildableProductRunnable
         runnableDebuggingMode = "0">
         <BuildableReference
            BuildableIdentifier = "primary"
            BlueprintIdentifier = "B630BA3A2A37ADB500D90A5B"
            BuildableName = "desafioDigio.app"
            BlueprintName = "desafioDigio"
            ReferencedContainer = "container:desafioDigio.xcodeproj">
         </BuildableReference>
      </BuildableProductRunnable>
   </LaunchAction>
   <ProfileAction
      buildConfiguration = "Release"
      shouldUseLaunchSchemeArgsEnv = "YES"
      savedToolIdentifier = ""
      useCustomWorkingDirectory = "NO"
      debugDocumentVersioning = "YES">
      <BuildableProductRunnable
         runnableDebuggingMode = "0">
         <BuildableReference
            BuildableIdentifier = "primary"
            BlueprintIdentifier = "B630BA3A2A37ADB500D90A5B"
            BuildableName = "desafioDigio.app"
            BlueprintName = "desafioDigio"
            ReferencedContainer = "container:desafioDigio.xcodeproj">
         </BuildableReference>
      </BuildableProductRunnable>
   </ProfileAction>
   <AnalyzeAction
      buildConfiguration = "Debug">
   </AnalyzeAction>
   <ArchiveAction
      buildConfiguration = "Release"
      revealArchiveInOrganizer = "YES">
   </ArchiveAction>
</Scheme>
