// !$*UTF8*$!
{
	archiveVersion = 1;
	classes = {
	};
	objectVersion = 56;
	objects = {

/* Begin PBXBuildFile section */
		B630BA3F2A37ADB500D90A5B /* AppDelegate.swift in Sources */ = {isa = PBXBuildFile; fileRef = B630BA3E2A37ADB500D90A5B /* AppDelegate.swift */; };
		B630BA412A37ADB500D90A5B /* SceneDelegate.swift in Sources */ = {isa = PBXBuildFile; fileRef = B630BA402A37ADB500D90A5B /* SceneDelegate.swift */; };
		B630BA432A37ADB500D90A5B /* ViewController.swift in Sources */ = {isa = PBXBuildFile; fileRef = B630BA422A37ADB500D90A5B /* ViewController.swift */; };
		B630BA462A37ADB500D90A5B /* Main.storyboard in Resources */ = {isa = PBXBuildFile; fileRef = B630BA442A37ADB500D90A5B /* Main.storyboard */; };
		B630BA482A37ADB700D90A5B /* Assets.xcassets in Resources */ = {isa = PBXBuildFile; fileRef = B630BA472A37ADB700D90A5B /* Assets.xcassets */; };
		B630BA4B2A37ADB700D90A5B /* LaunchScreen.storyboard in Resources */ = {isa = PBXBuildFile; fileRef = B630BA492A37ADB700D90A5B /* LaunchScreen.storyboard */; };
		B630BA562A37ADB700D90A5B /* desafioDigioTests.swift in Sources */ = {isa = PBXBuildFile; fileRef = B630BA552A37ADB700D90A5B /* desafioDigioTests.swift */; };
		B630BA602A37ADB700D90A5B /* desafioDigioUITests.swift in Sources */ = {isa = PBXBuildFile; fileRef = B630BA5F2A37ADB700D90A5B /* desafioDigioUITests.swift */; };
		B630BA622A37ADB700D90A5B /* desafioDigioUITestsLaunchTests.swift in Sources */ = {isa = PBXBuildFile; fileRef = B630BA612A37ADB700D90A5B /* desafioDigioUITestsLaunchTests.swift */; };
/* End PBXBuildFile section */

/* Begin PBXContainerItemProxy section */
		B630BA522A37ADB700D90A5B /* PBXContainerItemProxy */ = {
			isa = PBXContainerItemProxy;
			containerPortal = B630BA332A37ADB500D90A5B /* Project object */;
			proxyType = 1;
			remoteGlobalIDString = B630BA3A2A37ADB500D90A5B;
			remoteInfo = desafioDigio;
		};
		B630BA5C2A37ADB700D90A5B /* PBXContainerItemProxy */ = {
			isa = PBXContainerItemProxy;
			containerPortal = B630BA332A37ADB500D90A5B /* Project object */;
			proxyType = 1;
			remoteGlobalIDString = B630BA3A2A37ADB500D90A5B;
			remoteInfo = desafioDigio;
		};
/* End PBXContainerItemProxy section */

/* Begin PBXFileReference section */
		B630BA3B2A37ADB500D90A5B /* desafioDigio.app */ = {isa = PBXFileReference; explicitFileType = wrapper.application; includeInIndex = 0; path = desafioDigio.app; sourceTree = BUILT_PRODUCTS_DIR; };
		B630BA3E2A37ADB500D90A5B /* AppDelegate.swift */ = {isa = PBXFileReference; lastKnownFileType = sourcecode.swift; path = AppDelegate.swift; sourceTree = "<group>"; };
		B630BA402A37ADB500D90A5B /* SceneDelegate.swift */ = {isa = PBXFileReference; lastKnownFileType = sourcecode.swift; path = SceneDelegate.swift; sourceTree = "<group>"; };
		B630BA422A37ADB500D90A5B /* ViewController.swift */ = {isa = PBXFileReference; lastKnownFileType = sourcecode.swift; path = ViewController.swift; sourceTree = "<group>"; };
		B630BA452A37ADB500D90A5B /* Base */ = {isa = PBXFileReference; lastKnownFileType = file.storyboard; name = Base; path = Base.lproj/Main.storyboard; sourceTree = "<group>"; };
		B630BA472A37ADB700D90A5B /* Assets.xcassets */ = {isa = PBXFileReference; lastKnownFileType = folder.assetcatalog; path = Assets.xcassets; sourceTree = "<group>"; };
		B630BA4A2A37ADB700D90A5B /* Base */ = {isa = PBXFileReference; lastKnownFileType = file.storyboard; name = Base; path = Base.lproj/LaunchScreen.storyboard; sourceTree = "<group>"; };
		B630BA4C2A37ADB700D90A5B /* Info.plist */ = {isa = PBXFileReference; lastKnownFileType = text.plist.xml; path = Info.plist; sourceTree = "<group>"; };
		B630BA512A37ADB700D90A5B /* desafioDigioTests.xctest */ = {isa = PBXFileReference; explicitFileType = wrapper.cfbundle; includeInIndex = 0; path = desafioDigioTests.xctest; sourceTree = BUILT_PRODUCTS_DIR; };
		B630BA552A37ADB700D90A5B /* desafioDigioTests.swift */ = {isa = PBXFileReference; lastKnownFileType = sourcecode.swift; path = desafioDigioTests.swift; sourceTree = "<group>"; };
		B630BA5B2A37ADB700D90A5B /* desafioDigioUITests.xctest */ = {isa = PBXFileReference; explicitFileType = wrapper.cfbundle; includeInIndex = 0; path = desafioDigioUITests.xctest; sourceTree = BUILT_PRODUCTS_DIR; };
		B630BA5F2A37ADB700D90A5B /* desafioDigioUITests.swift */ = {isa = PBXFileReference; lastKnownFileType = sourcecode.swift; path = desafioDigioUITests.swift; sourceTree = "<group>"; };
		B630BA612A37ADB700D90A5B /* desafioDigioUITestsLaunchTests.swift */ = {isa = PBXFileReference; lastKnownFileType = sourcecode.swift; path = desafioDigioUITestsLaunchTests.swift; sourceTree = "<group>"; };
/* End PBXFileReference section */

/* Begin PBXFrameworksBuildPhase section */
		B630BA382A37ADB500D90A5B /* Frameworks */ = {
			isa = PBXFrameworksBuildPhase;
			buildActionMask = 2147483647;
			files = (
			);
			runOnlyForDeploymentPostprocessing = 0;
		};
		B630BA4E2A37ADB700D90A5B /* Frameworks */ = {
			isa = PBXFrameworksBuildPhase;
			buildActionMask = 2147483647;
			files = (
			);
			runOnlyForDeploymentPostprocessing = 0;
		};
		B630BA582A37ADB700D90A5B /* Frameworks */ = {
			isa = PBXFrameworksBuildPhase;
			buildActionMask = 2147483647;
			files = (
			);
			runOnlyForDeploymentPostprocessing = 0;
		};
/* End PBXFrameworksBuildPhase section */

/* Begin PBXGroup section */
		B630BA322A37ADB500D90A5B = {
			isa = PBXGroup;
			children = (
				B630BA3D2A37ADB500D90A5B /* desafioDigio */,
				B630BA542A37ADB700D90A5B /* desafioDigioTests */,
				B630BA5E2A37ADB700D90A5B /* desafioDigioUITests */,
				B630BA3C2A37ADB500D90A5B /* Products */,
			);
			sourceTree = "<group>";
		};
		B630BA3C2A37ADB500D90A5B /* Products */ = {
			isa = PBXGroup;
			children = (
				B630BA3B2A37ADB500D90A5B /* desafioDigio.app */,
				B630BA512A37ADB700D90A5B /* desafioDigioTests.xctest */,
				B630BA5B2A37ADB700D90A5B /* desafioDigioUITests.xctest */,
			);
			name = Products;
			sourceTree = "<group>";
		};
		B630BA3D2A37ADB500D90A5B /* desafioDigio */ = {
			isa = PBXGroup;
			children = (
				B630BA3E2A37ADB500D90A5B /* AppDelegate.swift */,
				B630BA402A37ADB500D90A5B /* SceneDelegate.swift */,
				B630BA422A37ADB500D90A5B /* ViewController.swift */,
				B630BA442A37ADB500D90A5B /* Main.storyboard */,
				B630BA472A37ADB700D90A5B /* Assets.xcassets */,
				B630BA492A37ADB700D90A5B /* LaunchScreen.storyboard */,
				B630BA4C2A37ADB700D90A5B /* Info.plist */,
			);
			path = desafioDigio;
			sourceTree = "<group>";
		};
		B630BA542A37ADB700D90A5B /* desafioDigioTests */ = {
			isa = PBXGroup;
			children = (
				B630BA552A37ADB700D90A5B /* desafioDigioTests.swift */,
			);
			path = desafioDigioTests;
			sourceTree = "<group>";
		};
		B630BA5E2A37ADB700D90A5B /* desafioDigioUITests */ = {
			isa = PBXGroup;
			children = (
				B630BA5F2A37ADB700D90A5B /* desafioDigioUITests.swift */,
				B630BA612A37ADB700D90A5B /* desafioDigioUITestsLaunchTests.swift */,
			);
			path = desafioDigioUITests;
			sourceTree = "<group>";
		};
/* End PBXGroup section */

/* Begin PBXNativeTarget section */
		B630BA3A2A37ADB500D90A5B /* desafioDigio */ = {
			isa = PBXNativeTarget;
			buildConfigurationList = B630BA652A37ADB700D90A5B /* Build configuration list for PBXNativeTarget "desafioDigio" */;
			buildPhases = (
				B630BA372A37ADB500D90A5B /* Sources */,
				B630BA382A37ADB500D90A5B /* Frameworks */,
				B630BA392A37ADB500D90A5B /* Resources */,
			);
			buildRules = (
			);
			dependencies = (
			);
			name = desafioDigio;
			productName = desafioDigio;
			productReference = B630BA3B2A37ADB500D90A5B /* desafioDigio.app */;
			productType = "com.apple.product-type.application";
		};
		B630BA502A37ADB700D90A5B /* desafioDigioTests */ = {
			isa = PBXNativeTarget;
			buildConfigurationList = B630BA682A37ADB700D90A5B /* Build configuration list for PBXNativeTarget "desafioDigioTests" */;
			buildPhases = (
				B630BA4D2A37ADB700D90A5B /* Sources */,
				B630BA4E2A37ADB700D90A5B /* Frameworks */,
				B630BA4F2A37ADB700D90A5B /* Resources */,
			);
			buildRules = (
			);
			dependencies = (
				B630BA532A37ADB700D90A5B /* PBXTargetDependency */,
			);
			name = desafioDigioTests;
			productName = desafioDigioTests;
			productReference = B630BA512A37ADB700D90A5B /* desafioDigioTests.xctest */;
			productType = "com.apple.product-type.bundle.unit-test";
		};
		B630BA5A2A37ADB700D90A5B /* desafioDigioUITests */ = {
			isa = PBXNativeTarget;
			buildConfigurationList = B630BA6B2A37ADB700D90A5B /* Build configuration list for PBXNativeTarget "desafioDigioUITests" */;
			buildPhases = (
				B630BA572A37ADB700D90A5B /* Sources */,
				B630BA582A37ADB700D90A5B /* Frameworks */,
				B630BA592A37ADB700D90A5B /* Resources */,
			);
			buildRules = (
			);
			dependencies = (
				B630BA5D2A37ADB700D90A5B /* PBXTargetDependency */,
			);
			name = desafioDigioUITests;
			productName = desafioDigioUITests;
			productReference = B630BA5B2A37ADB700D90A5B /* desafioDigioUITests.xctest */;
			productType = "com.apple.product-type.bundle.ui-testing";
		};
/* End PBXNativeTarget section */

/* Begin PBXProject section */
		B630BA332A37ADB500D90A5B /* Project object */ = {
			isa = PBXProject;
			attributes = {
				BuildIndependentTargetsInParallel = 1;
				LastSwiftUpdateCheck = 1430;
				LastUpgradeCheck = 1430;
				TargetAttributes = {
					B630BA3A2A37ADB500D90A5B = {
						CreatedOnToolsVersion = 14.3;
					};
					B630BA502A37ADB700D90A5B = {
						CreatedOnToolsVersion = 14.3;
						TestTargetID = B630BA3A2A37ADB500D90A5B;
					};
					B630BA5A2A37ADB700D90A5B = {
						CreatedOnToolsVersion = 14.3;
						TestTargetID = B630BA3A2A37ADB500D90A5B;
					};
				};
			};
			buildConfigurationList = B630BA362A37ADB500D90A5B /* Build configuration list for PBXProject "desafioDigio" */;
			compatibilityVersion = "Xcode 14.0";
			developmentRegion = en;
			hasScannedForEncodings = 0;
			knownRegions = (
				en,
				Base,
			);
			mainGroup = B630BA322A37ADB500D90A5B;
			productRefGroup = B630BA3C2A37ADB500D90A5B /* Products */;
			projectDirPath = "";
			projectRoot = "";
			targets = (
				B630BA3A2A37ADB500D90A5B /* desafioDigio */,
				B630BA502A37ADB700D90A5B /* desafioDigioTests */,
				B630BA5A2A37ADB700D90A5B /* desafioDigioUITests */,
			);
		};
/* End PBXProject section */

/* Begin PBXResourcesBuildPhase section */
		B630BA392A37ADB500D90A5B /* Resources */ = {
			isa = PBXResourcesBuildPhase;
			buildActionMask = 2147483647;
			files = (
				B630BA4B2A37ADB700D90A5B /* LaunchScreen.storyboard in Resources */,
				B630BA482A37ADB700D90A5B /* Assets.xcassets in Resources */,
				B630BA462A37ADB500D90A5B /* Main.storyboard in Resources */,
			);
			runOnlyForDeploymentPostprocessing = 0;
		};
		B630BA4F2A37ADB700D90A5B /* Resources */ = {
			isa = PBXResourcesBuildPhase;
			buildActionMask = 2147483647;
			files = (
			);
			runOnlyForDeploymentPostprocessing = 0;
		};
		B630BA592A37ADB700D90A5B /* Resources */ = {
			isa = PBXResourcesBuildPhase;
			buildActionMask = 2147483647;
			files = (
			);
			runOnlyForDeploymentPostprocessing = 0;
		};
/* End PBXResourcesBuildPhase section */

/* Begin PBXSourcesBuildPhase section */
		B630BA372A37ADB500D90A5B /* Sources */ = {
			isa = PBXSourcesBuildPhase;
			buildActionMask = 2147483647;
			files = (
				B630BA432A37ADB500D90A5B /* ViewController.swift in Sources */,
				B630BA3F2A37ADB500D90A5B /* AppDelegate.swift in Sources */,
				B630BA412A37ADB500D90A5B /* SceneDelegate.swift in Sources */,
			);
			runOnlyForDeploymentPostprocessing = 0;
		};
		B630BA4D2A37ADB700D90A5B /* Sources */ = {
			isa = PBXSourcesBuildPhase;
			buildActionMask = 2147483647;
			files = (
				B630BA562A37ADB700D90A5B /* desafioDigioTests.swift in Sources */,
			);
			runOnlyForDeploymentPostprocessing = 0;
		};
		B630BA572A37ADB700D90A5B /* Sources */ = {
			isa = PBXSourcesBuildPhase;
			buildActionMask = 2147483647;
			files = (
				B630BA602A37ADB700D90A5B /* desafioDigioUITests.swift in Sources */,
				B630BA622A37ADB700D90A5B /* desafioDigioUITestsLaunchTests.swift in Sources */,
			);
			runOnlyForDeploymentPostprocessing = 0;
		};
/* End PBXSourcesBuildPhase section */

/* Begin PBXTargetDependency section */
		B630BA532A37ADB700D90A5B /* PBXTargetDependency */ = {
			isa = PBXTargetDependency;
			target = B630BA3A2A37ADB500D90A5B /* desafioDigio */;
			targetProxy = B630BA522A37ADB700D90A5B /* PBXContainerItemProxy */;
		};
		B630BA5D2A37ADB700D90A5B /* PBXTargetDependency */ = {
			isa = PBXTargetDependency;
			target = B630BA3A2A37ADB500D90A5B /* desafioDigio */;
			targetProxy = B630BA5C2A37ADB700D90A5B /* PBXContainerItemProxy */;
		};
/* End PBXTargetDependency section */

/* Begin PBXVariantGroup section */
		B630BA442A37ADB500D90A5B /* Main.storyboard */ = {
			isa = PBXVariantGroup;
			children = (
				B630BA452A37ADB500D90A5B /* Base */,
			);
			name = Main.storyboard;
			sourceTree = "<group>";
		};
		B630BA492A37ADB700D90A5B /* LaunchScreen.storyboard */ = {
			isa = PBXVariantGroup;
			children = (
				B630BA4A2A37ADB700D90A5B /* Base */,
			);
			name = LaunchScreen.storyboard;
			sourceTree = "<group>";
		};
/* End PBXVariantGroup section */

/* Begin XCBuildConfiguration section */
		B630BA632A37ADB700D90A5B /* Debug */ = {
			isa = XCBuildConfiguration;
			buildSettings = {
				ALWAYS_SEARCH_USER_PATHS = NO;
				CLANG_ANALYZER_NONNULL = YES;
				CLANG_ANALYZER_NUMBER_OBJECT_CONVERSION = YES_AGGRESSIVE;
				CLANG_CXX_LANGUAGE_STANDARD = "gnu++20";
				CLANG_ENABLE_MODULES = YES;
				CLANG_ENABLE_OBJC_ARC = YES;
				CLANG_ENABLE_OBJC_WEAK = YES;
				CLANG_WARN_BLOCK_CAPTURE_AUTORELEASING = YES;
				CLANG_WARN_BOOL_CONVERSION = YES;
				CLANG_WARN_COMMA = YES;
				CLANG_WARN_CONSTANT_CONVERSION = YES;
				CLANG_WARN_DEPRECATED_OBJC_IMPLEMENTATIONS = YES;
				CLANG_WARN_DIRECT_OBJC_ISA_USAGE = YES_ERROR;
				CLANG_WARN_DOCUMENTATION_COMMENTS = YES;
				CLANG_WARN_EMPTY_BODY = YES;
				CLANG_WARN_ENUM_CONVERSION = YES;
				CLANG_WARN_INFINITE_RECURSION = YES;
				CLANG_WARN_INT_CONVERSION = YES;
				CLANG_WARN_NON_LITERAL_NULL_CONVERSION = YES;
				CLANG_WARN_OBJC_IMPLICIT_RETAIN_SELF = YES;
				CLANG_WARN_OBJC_LITERAL_CONVERSION = YES;
				CLANG_WARN_OBJC_ROOT_CLASS = YES_ERROR;
				CLANG_WARN_QUOTED_INCLUDE_IN_FRAMEWORK_HEADER = YES;
				CLANG_WARN_RANGE_LOOP_ANALYSIS = YES;
				CLANG_WARN_STRICT_PROTOTYPES = YES;
				CLANG_WARN_SUSPICIOUS_MOVE = YES;
				CLANG_WARN_UNGUARDED_AVAILABILITY = YES_AGGRESSIVE;
				CLANG_WARN_UNREACHABLE_CODE = YES;
				CLANG_WARN__DUPLICATE_METHOD_MATCH = YES;
				COPY_PHASE_STRIP = NO;
				DEBUG_INFORMATION_FORMAT = dwarf;
				ENABLE_STRICT_OBJC_MSGSEND = YES;
				ENABLE_TESTABILITY = YES;
				GCC_C_LANGUAGE_STANDARD = gnu11;
				GCC_DYNAMIC_NO_PIC = NO;
				GCC_NO_COMMON_BLOCKS = YES;
				GCC_OPTIMIZATION_LEVEL = 0;
				GCC_PREPROCESSOR_DEFINITIONS = (
					"DEBUG=1",
					"$(inherited)",
				);
				GCC_WARN_64_TO_32_BIT_CONVERSION = YES;
				GCC_WARN_ABOUT_RETURN_TYPE = YES_ERROR;
				GCC_WARN_UNDECLARED_SELECTOR = YES;
				GCC_WARN_UNINITIALIZED_AUTOS = YES_AGGRESSIVE;
				GCC_WARN_UNUSED_FUNCTION = YES;
				GCC_WARN_UNUSED_VARIABLE = YES;
				IPHONEOS_DEPLOYMENT_TARGET = 16.4;
				MTL_ENABLE_DEBUG_INFO = INCLUDE_SOURCE;
				MTL_FAST_MATH = YES;
				ONLY_ACTIVE_ARCH = YES;
				SDKROOT = iphoneos;
				SWIFT_ACTIVE_COMPILATION_CONDITIONS = DEBUG;
				SWIFT_OPTIMIZATION_LEVEL = "-Onone";
			};
			name = Debug;
		};
		B630BA642A37ADB700D90A5B /* Release */ = {
			isa = XCBuildConfiguration;
			buildSettings = {
				ALWAYS_SEARCH_USER_PATHS = NO;
				CLANG_ANALYZER_NONNULL = YES;
				CLANG_ANALYZER_NUMBER_OBJECT_CONVERSION = YES_AGGRESSIVE;
				CLANG_CXX_LANGUAGE_STANDARD = "gnu++20";
				CLANG_ENABLE_MODULES = YES;
				CLANG_ENABLE_OBJC_ARC = YES;
				CLANG_ENABLE_OBJC_WEAK = YES;
				CLANG_WARN_BLOCK_CAPTURE_AUTORELEASING = YES;
				CLANG_WARN_BOOL_CONVERSION = YES;
				CLANG_WARN_COMMA = YES;
				CLANG_WARN_CONSTANT_CONVERSION = YES;
				CLANG_WARN_DEPRECATED_OBJC_IMPLEMENTATIONS = YES;
				CLANG_WARN_DIRECT_OBJC_ISA_USAGE = YES_ERROR;
				CLANG_WARN_DOCUMENTATION_COMMENTS = YES;
				CLANG_WARN_EMPTY_BODY = YES;
				CLANG_WARN_ENUM_CONVERSION = YES;
				CLANG_WARN_INFINITE_RECURSION = YES;
				CLANG_WARN_INT_CONVERSION = YES;
				CLANG_WARN_NON_LITERAL_NULL_CONVERSION = YES;
				CLANG_WARN_OBJC_IMPLICIT_RETAIN_SELF = YES;
				CLANG_WARN_OBJC_LITERAL_CONVERSION = YES;
				CLANG_WARN_OBJC_ROOT_CLASS = YES_ERROR;
				CLANG_WARN_QUOTED_INCLUDE_IN_FRAMEWORK_HEADER = YES;
				CLANG_WARN_RANGE_LOOP_ANALYSIS = YES;
				CLANG_WARN_STRICT_PROTOTYPES = YES;
				CLANG_WARN_SUSPICIOUS_MOVE = YES;
				CLANG_WARN_UNGUARDED_AVAILABILITY = YES_AGGRESSIVE;
				CLANG_WARN_UNREACHABLE_CODE = YES;
				CLANG_WARN__DUPLICATE_METHOD_MATCH = YES;
				COPY_PHASE_STRIP = NO;
				DEBUG_INFORMATION_FORMAT = "dwarf-with-dsym";
				ENABLE_NS_ASSERTIONS = NO;
				ENABLE_STRICT_OBJC_MSGSEND = YES;
				GCC_C_LANGUAGE_STANDARD = gnu11;
				GCC_NO_COMMON_BLOCKS = YES;
				GCC_WARN_64_TO_32_BIT_CONVERSION = YES;
				GCC_WARN_ABOUT_RETURN_TYPE = YES_ERROR;
				GCC_WARN_UNDECLARED_SELECTOR = YES;
				GCC_WARN_UNINITIALIZED_AUTOS = YES_AGGRESSIVE;
				GCC_WARN_UNUSED_FUNCTION = YES;
				GCC_WARN_UNUSED_VARIABLE = YES;
				IPHONEOS_DEPLOYMENT_TARGET = 16.4;
				MTL_ENABLE_DEBUG_INFO = NO;
				MTL_FAST_MATH = YES;
				SDKROOT = iphoneos;
				SWIFT_COMPILATION_MODE = wholemodule;
				SWIFT_OPTIMIZATION_LEVEL = "-O";
				VALIDATE_PRODUCT = YES;
			};
			name = Release;
		};
		B630BA662A37ADB700D90A5B /* Debug */ = {
			isa = XCBuildConfiguration;
			buildSettings = {
				ASSETCATALOG_COMPILER_APPICON_NAME = AppIcon;
				ASSETCATALOG_COMPILER_GLOBAL_ACCENT_COLOR_NAME = AccentColor;
				CODE_SIGN_STYLE = Automatic;
				CURRENT_PROJECT_VERSION = 1;
				DEVELOPMENT_TEAM = 8FTPMDTUTT;
				GENERATE_INFOPLIST_FILE = YES;
				INFOPLIST_FILE = desafioDigio/Info.plist;
				INFOPLIST_KEY_UIApplicationSupportsIndirectInputEvents = YES;
				INFOPLIST_KEY_UILaunchStoryboardName = LaunchScreen;
				INFOPLIST_KEY_UIMainStoryboardFile = Main;
				INFOPLIST_KEY_UISupportedInterfaceOrientations_iPad = "UIInterfaceOrientationPortrait UIInterfaceOrientationPortraitUpsideDown UIInterfaceOrientationLandscapeLeft UIInterfaceOrientationLandscapeRight";
				INFOPLIST_KEY_UISupportedInterfaceOrientations_iPhone = "UIInterfaceOrientationPortrait UIInterfaceOrientationLandscapeLeft UIInterfaceOrientationLandscapeRight";
				LD_RUNPATH_SEARCH_PATHS = (
					"$(inherited)",
					"@executable_path/Frameworks",
				);
				MARKETING_VERSION = 1.0;
				PRODUCT_BUNDLE_IDENTIFIER = com.app.desafioDigio;
				PRODUCT_NAME = "$(TARGET_NAME)";
				SWIFT_EMIT_LOC_STRINGS = YES;
				SWIFT_VERSION = 5.0;
				TARGETED_DEVICE_FAMILY = "1,2";
			};
			name = Debug;
		};
		B630BA672A37ADB700D90A5B /* Release */ = {
			isa = XCBuildConfiguration;
			buildSettings = {
				ASSETCATALOG_COMPILER_APPICON_NAME = AppIcon;
				ASSETCATALOG_COMPILER_GLOBAL_ACCENT_COLOR_NAME = AccentColor;
				CODE_SIGN_STYLE = Automatic;
				CURRENT_PROJECT_VERSION = 1;
				DEVELOPMENT_TEAM = 8FTPMDTUTT;
				GENERATE_INFOPLIST_FILE = YES;
				INFOPLIST_FILE = desafioDigio/Info.plist;
				INFOPLIST_KEY_UIApplicationSupportsIndirectInputEvents = YES;
				INFOPLIST_KEY_UILaunchStoryboardName = LaunchScreen;
				INFOPLIST_KEY_UIMainStoryboardFile = Main;
				INFOPLIST_KEY_UISupportedInterfaceOrientations_iPad = "UIInterfaceOrientationPortrait UIInterfaceOrientationPortraitUpsideDown UIInterfaceOrientationLandscapeLeft UIInterfaceOrientationLandscapeRight";
				INFOPLIST_KEY_UISupportedInterfaceOrientations_iPhone = "UIInterfaceOrientationPortrait UIInterfaceOrientationLandscapeLeft UIInterfaceOrientationLandscapeRight";
				LD_RUNPATH_SEARCH_PATHS = (
					"$(inherited)",
					"@executable_path/Frameworks",
				);
				MARKETING_VERSION = 1.0;
				PRODUCT_BUNDLE_IDENTIFIER = com.app.desafioDigio;
				PRODUCT_NAME = "$(TARGET_NAME)";
				SWIFT_EMIT_LOC_STRINGS = YES;
				SWIFT_VERSION = 5.0;
				TARGETED_DEVICE_FAMILY = "1,2";
			};
			name = Release;
		};
		B630BA692A37ADB700D90A5B /* Debug */ = {
			isa = XCBuildConfiguration;
			buildSettings = {
				ALWAYS_EMBED_SWIFT_STANDARD_LIBRARIES = YES;
				BUNDLE_LOADER = "$(TEST_HOST)";
				CODE_SIGN_STYLE = Automatic;
				CURRENT_PROJECT_VERSION = 1;
				DEVELOPMENT_TEAM = 8FTPMDTUTT;
				GENERATE_INFOPLIST_FILE = YES;
				IPHONEOS_DEPLOYMENT_TARGET = 16.4;
				MARKETING_VERSION = 1.0;
				PRODUCT_BUNDLE_IDENTIFIER = com.app.desafioDigioTests;
				PRODUCT_NAME = "$(TARGET_NAME)";
				SWIFT_EMIT_LOC_STRINGS = NO;
				SWIFT_VERSION = 5.0;
				TARGETED_DEVICE_FAMILY = "1,2";
				TEST_HOST = "$(BUILT_PRODUCTS_DIR)/desafioDigio.app/$(BUNDLE_EXECUTABLE_FOLDER_PATH)/desafioDigio";
			};
			name = Debug;
		};
		B630BA6A2A37ADB700D90A5B /* Release */ = {
			isa = XCBuildConfiguration;
			buildSettings = {
				ALWAYS_EMBED_SWIFT_STANDARD_LIBRARIES = YES;
				BUNDLE_LOADER = "$(TEST_HOST)";
				CODE_SIGN_STYLE = Automatic;
				CURRENT_PROJECT_VERSION = 1;
				DEVELOPMENT_TEAM = 8FTPMDTUTT;
				GENERATE_INFOPLIST_FILE = YES;
				IPHONEOS_DEPLOYMENT_TARGET = 16.4;
				MARKETING_VERSION = 1.0;
				PRODUCT_BUNDLE_IDENTIFIER = com.app.desafioDigioTests;
				PRODUCT_NAME = "$(TARGET_NAME)";
				SWIFT_EMIT_LOC_STRINGS = NO;
				SWIFT_VERSION = 5.0;
				TARGETED_DEVICE_FAMILY = "1,2";
				TEST_HOST = "$(BUILT_PRODUCTS_DIR)/desafioDigio.app/$(BUNDLE_EXECUTABLE_FOLDER_PATH)/desafioDigio";
			};
			name = Release;
		};
		B630BA6C2A37ADB700D90A5B /* Debug */ = {
			isa = XCBuildConfiguration;
			buildSettings = {
				ALWAYS_EMBED_SWIFT_STANDARD_LIBRARIES = YES;
				CODE_SIGN_STYLE = Automatic;
				CURRENT_PROJECT_VERSION = 1;
				DEVELOPMENT_TEAM = 8FTPMDTUTT;
				GENERATE_INFOPLIST_FILE = YES;
				MARKETING_VERSION = 1.0;
				PRODUCT_BUNDLE_IDENTIFIER = com.app.desafioDigioUITests;
				PRODUCT_NAME = "$(TARGET_NAME)";
				SWIFT_EMIT_LOC_STRINGS = NO;
				SWIFT_VERSION = 5.0;
				TARGETED_DEVICE_FAMILY = "1,2";
				TEST_TARGET_NAME = desafioDigio;
			};
			name = Debug;
		};
		B630BA6D2A37ADB700D90A5B /* Release */ = {
			isa = XCBuildConfiguration;
			buildSettings = {
				ALWAYS_EMBED_SWIFT_STANDARD_LIBRARIES = YES;
				CODE_SIGN_STYLE = Automatic;
				CURRENT_PROJECT_VERSION = 1;
				DEVELOPMENT_TEAM = 8FTPMDTUTT;
				GENERATE_INFOPLIST_FILE = YES;
				MARKETING_VERSION = 1.0;
				PRODUCT_BUNDLE_IDENTIFIER = com.app.desafioDigioUITests;
				PRODUCT_NAME = "$(TARGET_NAME)";
				SWIFT_EMIT_LOC_STRINGS = NO;
				SWIFT_VERSION = 5.0;
				TARGETED_DEVICE_FAMILY = "1,2";
				TEST_TARGET_NAME = desafioDigio;
			};
			name = Release;
		};
/* End XCBuildConfiguration section */

/* Begin XCConfigurationList section */
		B630BA362A37ADB500D90A5B /* Build configuration list for PBXProject "desafioDigio" */ = {
			isa = XCConfigurationList;
			buildConfigurations = (
				B630BA632A37ADB700D90A5B /* Debug */,
				B630BA642A37ADB700D90A5B /* Release */,
			);
			defaultConfigurationIsVisible = 0;
			defaultConfigurationName = Release;
		};
		B630BA652A37ADB700D90A5B /* Build configuration list for PBXNativeTarget "desafioDigio" */ = {
			isa = XCConfigurationList;
			buildConfigurations = (
				B630BA662A37ADB700D90A5B /* Debug */,
				B630BA672A37ADB700D90A5B /* Release */,
			);
			defaultConfigurationIsVisible = 0;
			defaultConfigurationName = Release;
		};
		B630BA682A37ADB700D90A5B /* Build configuration list for PBXNativeTarget "desafioDigioTests" */ = {
			isa = XCConfigurationList;
			buildConfigurations = (
				B630BA692A37ADB700D90A5B /* Debug */,
				B630BA6A2A37ADB700D90A5B /* Release */,
			);
			defaultConfigurationIsVisible = 0;
			defaultConfigurationName = Release;
		};
		B630BA6B2A37ADB700D90A5B /* Build configuration list for PBXNativeTarget "desafioDigioUITests" */ = {
			isa = XCConfigurationList;
			buildConfigurations = (
				B630BA6C2A37ADB700D90A5B /* Debug */,
				B630BA6D2A37ADB700D90A5B /* Release */,
			);
			defaultConfigurationIsVisible = 0;
			defaultConfigurationName = Release;
		};
/* End XCConfigurationList section */
	};
	rootObject = B630BA332A37ADB500D90A5B /* Project object */;
}
